
Microsoft Visual Studio Solution File, Format Version 12.00
Project("{FAE04EC0-301F-11D3-BF4B-00C04F79EFBC}") = "PatientManagement", "PatientManagement\PatientManagement.csproj", "{B98C23D4-3B52-4FCA-BFA6-618FA9F3FB25}"
EndProject
Project("{FAE04EC0-301F-11D3-BF4B-00C04F79EFBC}") = "Explorer", "Explorer\Explorer.csproj", "{ACA3D906-2AFC-4D05-B5F4-4E9CAA8DFB06}"
EndProject
Project("{FAE04EC0-301F-11D3-BF4B-00C04F79EFBC}") = "ProjectionManager", "ProjectionManager\ProjectionManager.csproj", "{1B1EB00E-B662-435B-987D-91F09BDDAC75}"
EndProject
Project("{FAE04EC0-301F-11D3-BF4B-00C04F79EFBC}") = "SeedGenerator", "SeedGenerator\SeedGenerator.csproj", "{3F8C54EE-8EEF-4A43-AA6F-7F27B8F9B48A}"
EndProject
Project("{FAE04EC0-301F-11D3-BF4B-00C04F79EFBC}") = "TestConsole", "TestConsole\TestConsole.csproj", "{715B5747-6C02-415A-9628-0C3D99705CF7}"
EndProject
Global
	GlobalSection(SolutionConfigurationPlatforms) = preSolution
		Debug|Any CPU = Debug|Any CPU
		Release|Any CPU = Release|Any CPU
	EndGlobalSection
	GlobalSection(ProjectConfigurationPlatforms) = postSolution
		{B98C23D4-3B52-4FCA-BFA6-618FA9F3FB25}.Debug|Any CPU.ActiveCfg = Debug|Any CPU
		{B98C23D4-3B52-4FCA-BFA6-618FA9F3FB25}.Debug|Any CPU.Build.0 = Debug|Any CPU
		{B98C23D4-3B52-4FCA-BFA6-618FA9F3FB25}.Release|Any CPU.ActiveCfg = Release|Any CPU
		{B98C23D4-3B52-4FCA-BFA6-618FA9F3FB25}.Release|Any CPU.Build.0 = Release|Any CPU
		{ACA3D906-2AFC-4D05-B5F4-4E9CAA8DFB06}.Debug|Any CPU.ActiveCfg = Debug|Any CPU
		{ACA3D906-2AFC-4D05-B5F4-4E9CAA8DFB06}.Debug|Any CPU.Build.0 = Debug|Any CPU
		{ACA3D906-2AFC-4D05-B5F4-4E9CAA8DFB06}.Release|Any CPU.ActiveCfg = Release|Any CPU
		{ACA3D906-2AFC-4D05-B5F4-4E9CAA8DFB06}.Release|Any CPU.Build.0 = Release|Any CPU
		{1B1EB00E-B662-435B-987D-91F09BDDAC75}.Debug|Any CPU.ActiveCfg = Debug|Any CPU
		{1B1EB00E-B662-435B-987D-91F09BDDAC75}.Debug|Any CPU.Build.0 = Debug|Any CPU
		{1B1EB00E-B662-435B-987D-91F09BDDAC75}.Release|Any CPU.ActiveCfg = Release|Any CPU
		{1B1EB00E-B662-435B-987D-91F09BDDAC75}.Release|Any CPU.Build.0 = Release|Any CPU
		{3F8C54EE-8EEF-4A43-AA6F-7F27B8F9B48A}.Debug|Any CPU.ActiveCfg = Debug|Any CPU
		{3F8C54EE-8EEF-4A43-AA6F-7F27B8F9B48A}.Debug|Any CPU.Build.0 = Debug|Any CPU
		{3F8C54EE-8EEF-4A43-AA6F-7F27B8F9B48A}.Release|Any CPU.ActiveCfg = Release|Any CPU
		{3F8C54EE-8EEF-4A43-AA6F-7F27B8F9B48A}.Release|Any CPU.Build.0 = Release|Any CPU
		{715B5747-6C02-415A-9628-0C3D99705CF7}.Debug|Any CPU.ActiveCfg = Debug|Any CPU
		{715B5747-6C02-415A-9628-0C3D99705CF7}.Debug|Any CPU.Build.0 = Debug|Any CPU
		{715B5747-6C02-415A-9628-0C3D99705CF7}.Release|Any CPU.ActiveCfg = Release|Any CPU
		{715B5747-6C02-415A-9628-0C3D99705CF7}.Release|Any CPU.Build.0 = Release|Any CPU
	EndGlobalSection
EndGlobal
